
Microsoft Visual Studio Solution File, Format Version 12.00
# Visual Studio Version 17
VisualStudioVersion = 17.4.33213.308
MinimumVisualStudioVersion = 10.0.40219.1
Project("{FAE04EC0-301F-11D3-BF4B-00C04F79EFBC}") = "Dag 13. skapa gitrepo", "Dag 13. skapa gitrepo.csproj", "{77868718-C171-43C0-AD9F-95266E9EA495}"
EndProject
Global
	GlobalSection(SolutionConfigurationPlatforms) = preSolution
		Debug|Any CPU = Debug|Any CPU
		Release|Any CPU = Release|Any CPU
	EndGlobalSection
	GlobalSection(ProjectConfigurationPlatforms) = postSolution
		{77868718-C171-43C0-AD9F-95266E9EA495}.Debug|Any CPU.ActiveCfg = Debug|Any CPU
		{77868718-C171-43C0-AD9F-95266E9EA495}.Debug|Any CPU.Build.0 = Debug|Any CPU
		{77868718-C171-43C0-AD9F-95266E9EA495}.Release|Any CPU.ActiveCfg = Release|Any CPU
		{77868718-C171-43C0-AD9F-95266E9EA495}.Release|Any CPU.Build.0 = Release|Any CPU
	EndGlobalSection
	GlobalSection(SolutionProperties) = preSolution
		HideSolutionNode = FALSE
	EndGlobalSection
	GlobalSection(ExtensibilityGlobals) = postSolution
		SolutionGuid = {72FB0EFA-421B-4209-A6C3-6B7E666381B7}
	EndGlobalSection
EndGlobal
